{
  "requires": true,
  "lockfileVersion": 1,
  "dependencies": {
    "@material/animation": {
      "version": "0.25.0",
      "resolved": "https://registry.npmjs.org/@material/animation/-/animation-0.25.0.tgz",
      "integrity": "sha512-4RzlpMwJtMnQ3/rNf4zpG9qnoQcCkYiRs6U515MRQzv7qFl1eCZx3U3dGaUu7UVf3Hwx4RskUB/fBxGc0b61CQ=="
    },
    "@material/base": {
      "version": "0.29.0",
      "resolved": "https://registry.npmjs.org/@material/base/-/base-0.29.0.tgz",
      "integrity": "sha512-5jgaxI0x18JWb7orFPNm+on3Oe1o0RUgrh/xSpuJ4U4rEwMmC94rOMdacllaenmUuLq1DRPE7UeGOzfWfZf3bQ=="
    },
    "@material/floating-label": {
      "version": "0.33.0",
      "resolved": "https://registry.npmjs.org/@material/floating-label/-/floating-label-0.33.0.tgz",
      "integrity": "sha512-gogkZDAEhct/7i3w/xCKaysMcIh2s/ER005+lsVhSfxnTmhUnsdupLcJj54dtEzUnujEqRRzGyF3J/Eh+/35HA==",
      "requires": {
        "@material/base": "0.29.0",
        "@material/rtl": "0.33.0",
        "@material/theme": "0.33.0"
      }
    },
    "@material/line-ripple": {
      "version": "0.33.0",
      "resolved": "https://registry.npmjs.org/@material/line-ripple/-/line-ripple-0.33.0.tgz",
      "integrity": "sha512-xOlhiCIsFP3f8yC2zYpVxBbwBXLA/+CSnHxVQ3rlqrjZfZcOmYe0VvO85vEexm2Ig3/+hYPmeDZHRJk9scqARw==",
      "requires": {
        "@material/animation": "0.25.0",
        "@material/base": "0.29.0",
        "@material/theme": "0.33.0"
      }
    },
    "@material/notched-outline": {
      "version": "0.33.0",
      "resolved": "https://registry.npmjs.org/@material/notched-outline/-/notched-outline-0.33.0.tgz",
      "integrity": "sha512-SkDbOT4w5NKs/+V1VtxPDbOyjGgIqLtRLFKQO77Et6whjAYzSFSSMmqBpgX2kXQz3KRA0N408NKSH1J5jmufvg==",
      "requires": {
        "@material/animation": "0.25.0",
        "@material/base": "0.29.0",
        "@material/theme": "0.33.0"
      }
    },
    "@material/ripple": {
      "version": "0.33.0",
      "resolved": "https://registry.npmjs.org/@material/ripple/-/ripple-0.33.0.tgz",
      "integrity": "sha512-1YB5ZhtdMVON1MoIyL/Wk5q8QEWF2lPZP6NsEwU6YGzfK9Xw01iJOAY7Fq9omC3wD1n1CFD6pXxj9+XWpW+m0w==",
      "requires": {
        "@material/base": "0.29.0",
        "@material/theme": "0.33.0"
      }
    },
    "@material/rtl": {
      "version": "0.33.0",
      "resolved": "https://registry.npmjs.org/@material/rtl/-/rtl-0.33.0.tgz",
      "integrity": "sha512-uCx7IcDdxL3KkskzGHy3guK22sBl/l5TiTkIXq3MJBKnsIicYA/Ygy1q9ft72nXGsCWxgv+0uukduQE15zjh/g=="
    },
    "@material/textfield": {
      "version": "0.33.0",
      "resolved": "https://registry.npmjs.org/@material/textfield/-/textfield-0.33.0.tgz",
      "integrity": "sha512-pP/seJudmI4n5DE7UhFH8/cMB4HueOmJJiZTolm+sagO/tSnrqzqoq+Xi+6OhkGV+L92Bae+4w380w8b1gZrCQ==",
      "requires": {
        "@material/animation": "0.25.0",
        "@material/base": "0.29.0",
        "@material/floating-label": "0.33.0",
        "@material/line-ripple": "0.33.0",
        "@material/notched-outline": "0.33.0",
        "@material/ripple": "0.33.0",
        "@material/rtl": "0.33.0",
        "@material/theme": "0.33.0",
        "@material/typography": "0.28.0"
      }
    },
    "@material/theme": {
      "version": "0.33.0",
      "resolved": "https://registry.npmjs.org/@material/theme/-/theme-0.33.0.tgz",
      "integrity": "sha512-6uWLB7xypHblYGi43TNxCR8505T5DQUUmWTi/EJg/Q+NvRJy9ZBU5lx9u9bEdXg13wVWlwtA3EqKA3OsOztJSg=="
    },
    "@material/typography": {
      "version": "0.28.0",
      "resolved": "https://registry.npmjs.org/@material/typography/-/typography-0.28.0.tgz",
      "integrity": "sha512-Cz8XxO/bocChQAM87xTAN9CM31Q04FgW0N4lSQWyha2PAK/LdtfjjWFPZWNZKyQbZJBNjINbE3/PqMnWDTd4cQ=="
    }
  }
}
